<?xml version="1.0" encoding="UTF-8" standalone="yes" ?>
<CodeBlocks_project_file>
	<FileVersion major="1" minor="6" />
	<Project>
		<Option title="Archivos" />
		<Option pch_mode="2" />
		<Option compiler="gcc" />
		<Build>
			<Target title="Debug">
				<Option output="bin/Debug/Parcial_parte_2" prefix_auto="1" extension_auto="1" />
				<Option object_output="obj/Debug/" />
				<Option type="1" />
				<Option compiler="gcc" />
				<Compiler>
					<Add option="-g" />
				</Compiler>
			</Target>
			<Target title="Release">
				<Option output="bin/Release/Parcial_parte_2" prefix_auto="1" extension_auto="1" />
				<Option object_output="obj/Release/" />
				<Option type="1" />
				<Option compiler="gcc" />
				<Compiler>
					<Add option="-O2" />
				</Compiler>
				<Linker>
					<Add option="-s" />
				</Linker>
			</Target>
		</Build>
		<Compiler>
			<Add option="-Wall" />
			<Add option="-fexceptions" />
		</Compiler>
		<Unit filename="CLASS_ARCHIVO_DEPORTES.h" />
		<Unit filename="CLASS_ARCHIVO_JUGADORES.h" />
		<Unit filename="CLASS_DEPORTES.h" />
		<Unit filename="CLASS_FECHA.h" />
		<Unit filename="CLASS_JUGADOR.h" />
		<Unit filename="CargarCadena.h" />
		<Unit filename="DatosInicio.h" />
		<Unit filename="Dynamic.h" />
		<Unit filename="FUNCIONES_CONFIGURACION.h" />
		<Unit filename="MenuConfiguracion.h" />
		<Unit filename="MenuDeportes.h" />
		<Unit filename="Menu_Jugadores.h" />
		<Unit filename="Reportes.h" />
		<Unit filename="main.cpp" />
		<Unit filename="menuReportes.h" />
		<Extensions>
			<lib_finder disable_auto="1" />
		</Extensions>
	</Project>
</CodeBlocks_project_file>
